
Microsoft Visual Studio Solution File, Format Version 12.00
# Visual Studio Version 17
VisualStudioVersion = 17.4.33122.133
MinimumVisualStudioVersion = 10.0.40219.1
Project("{FAE04EC0-301F-11D3-BF4B-00C04F79EFBC}") = "AdventCode2022-3", "AdventCode2022-3.csproj", "{B0F2F7DC-A4DB-4854-9716-FD822D9C64EB}"
EndProject
Global
	GlobalSection(SolutionConfigurationPlatforms) = preSolution
		Debug|Any CPU = Debug|Any CPU
		Release|Any CPU = Release|Any CPU
	EndGlobalSection
	GlobalSection(ProjectConfigurationPlatforms) = postSolution
		{B0F2F7DC-A4DB-4854-9716-FD822D9C64EB}.Debug|Any CPU.ActiveCfg = Debug|Any CPU
		{B0F2F7DC-A4DB-4854-9716-FD822D9C64EB}.Debug|Any CPU.Build.0 = Debug|Any CPU
		{B0F2F7DC-A4DB-4854-9716-FD822D9C64EB}.Release|Any CPU.ActiveCfg = Release|Any CPU
		{B0F2F7DC-A4DB-4854-9716-FD822D9C64EB}.Release|Any CPU.Build.0 = Release|Any CPU
	EndGlobalSection
	GlobalSection(SolutionProperties) = preSolution
		HideSolutionNode = FALSE
	EndGlobalSection
	GlobalSection(ExtensibilityGlobals) = postSolution
		SolutionGuid = {6F65C046-6B94-4532-91D4-06D2CF9E0DF6}
	EndGlobalSection
EndGlobal
