
Microsoft Visual Studio Solution File, Format Version 12.00
# Visual Studio Version 17
VisualStudioVersion = 17.4.33122.133
MinimumVisualStudioVersion = 10.0.40219.1
Project("{FAE04EC0-301F-11D3-BF4B-00C04F79EFBC}") = "AdventCode2022-2", "AdventCode2022-2.csproj", "{D5D4E923-A268-4BF6-A5BC-D4B221A59AFD}"
EndProject
Global
	GlobalSection(SolutionConfigurationPlatforms) = preSolution
		Debug|Any CPU = Debug|Any CPU
		Release|Any CPU = Release|Any CPU
	EndGlobalSection
	GlobalSection(ProjectConfigurationPlatforms) = postSolution
		{D5D4E923-A268-4BF6-A5BC-D4B221A59AFD}.Debug|Any CPU.ActiveCfg = Debug|Any CPU
		{D5D4E923-A268-4BF6-A5BC-D4B221A59AFD}.Debug|Any CPU.Build.0 = Debug|Any CPU
		{D5D4E923-A268-4BF6-A5BC-D4B221A59AFD}.Release|Any CPU.ActiveCfg = Release|Any CPU
		{D5D4E923-A268-4BF6-A5BC-D4B221A59AFD}.Release|Any CPU.Build.0 = Release|Any CPU
	EndGlobalSection
	GlobalSection(SolutionProperties) = preSolution
		HideSolutionNode = FALSE
	EndGlobalSection
	GlobalSection(ExtensibilityGlobals) = postSolution
		SolutionGuid = {144C0C10-3786-4AF1-A49D-900133E39751}
	EndGlobalSection
EndGlobal
